
Microsoft Visual Studio Solution File, Format Version 12.00
# Visual Studio Version 17
VisualStudioVersion = 17.0.31903.59
MinimumVisualStudioVersion = 10.0.40219.1
Project("{FAE04EC0-301F-11D3-BF4B-00C04F79EFBC}") = "Server", "Server\Server.csproj", "{BF46A973-3CA7-464C-97A5-75573A29DDA3}"
EndProject
Global
	GlobalSection(SolutionConfigurationPlatforms) = preSolution
		Debug|Any CPU = Debug|Any CPU
		Release|Any CPU = Release|Any CPU
	EndGlobalSection
	GlobalSection(ProjectConfigurationPlatforms) = postSolution
		{BF46A973-3CA7-464C-97A5-75573A29DDA3}.Debug|Any CPU.ActiveCfg = Debug|Any CPU
		{BF46A973-3CA7-464C-97A5-75573A29DDA3}.Debug|Any CPU.Build.0 = Debug|Any CPU
		{BF46A973-3CA7-464C-97A5-75573A29DDA3}.Release|Any CPU.ActiveCfg = Release|Any CPU
		{BF46A973-3CA7-464C-97A5-75573A29DDA3}.Release|Any CPU.Build.0 = Release|Any CPU
	EndGlobalSection
	GlobalSection(SolutionProperties) = preSolution
		HideSolutionNode = FALSE
	EndGlobalSection
	GlobalSection(ExtensibilityGlobals) = postSolution
		SolutionGuid = {3509AE9E-30A8-4652-8C38-818FC242E3AF}
	EndGlobalSection
EndGlobal
